{
  "name": "vue-reactivity-AkashPak",
  "lockfileVersion": 3,
  "requires": true,
  "packages": {
    "": {
      "dependencies": {
        "node-v": "^0.1.0"
      }
    },
    "node_modules/node-v": {
      "version": "0.1.0",
      "resolved": "https://registry.npmjs.org/node-v/-/node-v-0.1.0.tgz",
      "integrity": "sha512-gXg2tlkqSa9Pq76/w0DIl6NWPoUw7ie2e8qfk38OGipnwEtkwZwPdP02Jdx6TH41w3D24DqXxaNvzKnJ+Zcwgw==",
      "engines": {
        "node": ">= 0.8"
      }
    }
  }
}
